// !$*UTF8*$!
{
	archiveVersion = 1;
	classes = {
	};
	objectVersion = 50;
	objects = {

/* Begin PBXBuildFile section */
		7D5EECD024D1A97B001CE8E3 /* UpcomingVC.swift in Sources */ = {isa = PBXBuildFile; fileRef = 7D5EECCF24D1A97B001CE8E3 /* UpcomingVC.swift */; };
		7D5EECD224D1AA2C001CE8E3 /* RecentVC.swift in Sources */ = {isa = PBXBuildFile; fileRef = 7D5EECD124D1AA2C001CE8E3 /* RecentVC.swift */; };
		7DF24E5924D163E1004CD13F /* AppDelegate.swift in Sources */ = {isa = PBXBuildFile; fileRef = 7DF24E5824D163E1004CD13F /* AppDelegate.swift */; };
		7DF24E5B24D163E1004CD13F /* SceneDelegate.swift in Sources */ = {isa = PBXBuildFile; fileRef = 7DF24E5A24D163E1004CD13F /* SceneDelegate.swift */; };
		7DF24E5D24D163E1004CD13F /* SegmentVC.swift in Sources */ = {isa = PBXBuildFile; fileRef = 7DF24E5C24D163E1004CD13F /* SegmentVC.swift */; };
		7DF24E6024D163E1004CD13F /* Main.storyboard in Resources */ = {isa = PBXBuildFile; fileRef = 7DF24E5E24D163E1004CD13F /* Main.storyboard */; };
		7DF24E6224D163E5004CD13F /* Assets.xcassets in Resources */ = {isa = PBXBuildFile; fileRef = 7DF24E6124D163E5004CD13F /* Assets.xcassets */; };
		7DF24E6524D163E5004CD13F /* LaunchScreen.storyboard in Resources */ = {isa = PBXBuildFile; fileRef = 7DF24E6324D163E5004CD13F /* LaunchScreen.storyboard */; };
/* End PBXBuildFile section */

/* Begin PBXFileReference section */
		7D5EECCF24D1A97B001CE8E3 /* UpcomingVC.swift */ = {isa = PBXFileReference; lastKnownFileType = sourcecode.swift; path = UpcomingVC.swift; sourceTree = "<group>"; };
		7D5EECD124D1AA2C001CE8E3 /* RecentVC.swift */ = {isa = PBXFileReference; lastKnownFileType = sourcecode.swift; path = RecentVC.swift; sourceTree = "<group>"; };
		7DF24E5524D163E1004CD13F /* SegmentAdjusting.app */ = {isa = PBXFileReference; explicitFileType = wrapper.application; includeInIndex = 0; path = SegmentAdjusting.app; sourceTree = BUILT_PRODUCTS_DIR; };
		7DF24E5824D163E1004CD13F /* AppDelegate.swift */ = {isa = PBXFileReference; lastKnownFileType = sourcecode.swift; path = AppDelegate.swift; sourceTree = "<group>"; };
		7DF24E5A24D163E1004CD13F /* SceneDelegate.swift */ = {isa = PBXFileReference; lastKnownFileType = sourcecode.swift; path = SceneDelegate.swift; sourceTree = "<group>"; };
		7DF24E5C24D163E1004CD13F /* SegmentVC.swift */ = {isa = PBXFileReference; lastKnownFileType = sourcecode.swift; path = SegmentVC.swift; sourceTree = "<group>"; };
		7DF24E5F24D163E1004CD13F /* Base */ = {isa = PBXFileReference; lastKnownFileType = file.storyboard; name = Base; path = Base.lproj/Main.storyboard; sourceTree = "<group>"; };
		7DF24E6124D163E5004CD13F /* Assets.xcassets */ = {isa = PBXFileReference; lastKnownFileType = folder.assetcatalog; path = Assets.xcassets; sourceTree = "<group>"; };
		7DF24E6424D163E5004CD13F /* Base */ = {isa = PBXFileReference; lastKnownFileType = file.storyboard; name = Base; path = Base.lproj/LaunchScreen.storyboard; sourceTree = "<group>"; };
		7DF24E6624D163E5004CD13F /* Info.plist */ = {isa = PBXFileReference; lastKnownFileType = text.plist.xml; path = Info.plist; sourceTree = "<group>"; };
/* End PBXFileReference section */

/* Begin PBXFrameworksBuildPhase section */
		7DF24E5224D163E1004CD13F /* Frameworks */ = {
			isa = PBXFrameworksBuildPhase;
			buildActionMask = 2147483647;
			files = (
			);
			runOnlyForDeploymentPostprocessing = 0;
		};
/* End PBXFrameworksBuildPhase section */

/* Begin PBXGroup section */
		7DF24E4C24D163E1004CD13F = {
			isa = PBXGroup;
			children = (
				7DF24E5724D163E1004CD13F /* SegmentAdjusting */,
				7DF24E5624D163E1004CD13F /* Products */,
			);
			sourceTree = "<group>";
		};
		7DF24E5624D163E1004CD13F /* Products */ = {
			isa = PBXGroup;
			children = (
				7DF24E5524D163E1004CD13F /* SegmentAdjusting.app */,
			);
			name = Products;
			sourceTree = "<group>";
		};
		7DF24E5724D163E1004CD13F /* SegmentAdjusting */ = {
			isa = PBXGroup;
			children = (
				7DF24E5824D163E1004CD13F /* AppDelegate.swift */,
				7DF24E5A24D163E1004CD13F /* SceneDelegate.swift */,
				7DF24E5C24D163E1004CD13F /* SegmentVC.swift */,
				7DF24E5E24D163E1004CD13F /* Main.storyboard */,
				7D5EECCF24D1A97B001CE8E3 /* UpcomingVC.swift */,
				7D5EECD124D1AA2C001CE8E3 /* RecentVC.swift */,
				7DF24E6124D163E5004CD13F /* Assets.xcassets */,
				7DF24E6324D163E5004CD13F /* LaunchScreen.storyboard */,
				7DF24E6624D163E5004CD13F /* Info.plist */,
			);
			path = SegmentAdjusting;
			sourceTree = "<group>";
		};
/* End PBXGroup section */

/* Begin PBXNativeTarget section */
		7DF24E5424D163E1004CD13F /* SegmentAdjusting */ = {
			isa = PBXNativeTarget;
			buildConfigurationList = 7DF24E6924D163E5004CD13F /* Build configuration list for PBXNativeTarget "SegmentAdjusting" */;
			buildPhases = (
				7DF24E5124D163E1004CD13F /* Sources */,
				7DF24E5224D163E1004CD13F /* Frameworks */,
				7DF24E5324D163E1004CD13F /* Resources */,
			);
			buildRules = (
			);
			dependencies = (
			);
			name = SegmentAdjusting;
			productName = SegmentAdjusting;
			productReference = 7DF24E5524D163E1004CD13F /* SegmentAdjusting.app */;
			productType = "com.apple.product-type.application";
		};
/* End PBXNativeTarget section */

/* Begin PBXProject section */
		7DF24E4D24D163E1004CD13F /* Project object */ = {
			isa = PBXProject;
			attributes = {
				LastSwiftUpdateCheck = 1160;
				LastUpgradeCheck = 1160;
				ORGANIZATIONNAME = "Anton Honcharov";
				TargetAttributes = {
					7DF24E5424D163E1004CD13F = {
						CreatedOnToolsVersion = 11.6;
					};
				};
			};
			buildConfigurationList = 7DF24E5024D163E1004CD13F /* Build configuration list for PBXProject "SegmentAdjusting" */;
			compatibilityVersion = "Xcode 9.3";
			developmentRegion = en;
			hasScannedForEncodings = 0;
			knownRegions = (
				en,
				Base,
			);
			mainGroup = 7DF24E4C24D163E1004CD13F;
			productRefGroup = 7DF24E5624D163E1004CD13F /* Products */;
			projectDirPath = "";
			projectRoot = "";
			targets = (
				7DF24E5424D163E1004CD13F /* SegmentAdjusting */,
			);
		};
/* End PBXProject section */

/* Begin PBXResourcesBuildPhase section */
		7DF24E5324D163E1004CD13F /* Resources */ = {
			isa = PBXResourcesBuildPhase;
			buildActionMask = 2147483647;
			files = (
				7DF24E6524D163E5004CD13F /* LaunchScreen.storyboard in Resources */,
				7DF24E6224D163E5004CD13F /* Assets.xcassets in Resources */,
				7DF24E6024D163E1004CD13F /* Main.storyboard in Resources */,
			);
			runOnlyForDeploymentPostprocessing = 0;
		};
/* End PBXResourcesBuildPhase section */

/* Begin PBXSourcesBuildPhase section */
		7DF24E5124D163E1004CD13F /* Sources */ = {
			isa = PBXSourcesBuildPhase;
			buildActionMask = 2147483647;
			files = (
				7DF24E5D24D163E1004CD13F /* SegmentVC.swift in Sources */,
				7DF24E5924D163E1004CD13F /* AppDelegate.swift in Sources */,
				7D5EECD224D1AA2C001CE8E3 /* RecentVC.swift in Sources */,
				7D5EECD024D1A97B001CE8E3 /* UpcomingVC.swift in Sources */,
				7DF24E5B24D163E1004CD13F /* SceneDelegate.swift in Sources */,
			);
			runOnlyForDeploymentPostprocessing = 0;
		};
/* End PBXSourcesBuildPhase section */

/* Begin PBXVariantGroup section */
		7DF24E5E24D163E1004CD13F /* Main.storyboard */ = {
			isa = PBXVariantGroup;
			children = (
				7DF24E5F24D163E1004CD13F /* Base */,
			);
			name = Main.storyboard;
			sourceTree = "<group>";
		};
		7DF24E6324D163E5004CD13F /* LaunchScreen.storyboard */ = {
			isa = PBXVariantGroup;
			children = (
				7DF24E6424D163E5004CD13F /* Base */,
			);
			name = LaunchScreen.storyboard;
			sourceTree = "<group>";
		};
/* End PBXVariantGroup section */

/* Begin XCBuildConfiguration section */
		7DF24E6724D163E5004CD13F /* Debug */ = {
			isa = XCBuildConfiguration;
			buildSettings = {
				ALWAYS_SEARCH_USER_PATHS = NO;
				CLANG_ANALYZER_NONNULL = YES;
				CLANG_ANALYZER_NUMBER_OBJECT_CONVERSION = YES_AGGRESSIVE;
				CLANG_CXX_LANGUAGE_STANDARD = "gnu++14";
				CLANG_CXX_LIBRARY = "libc++";
				CLANG_ENABLE_MODULES = YES;
				CLANG_ENABLE_OBJC_ARC = YES;
				CLANG_ENABLE_OBJC_WEAK = YES;
				CLANG_WARN_BLOCK_CAPTURE_AUTORELEASING = YES;
				CLANG_WARN_BOOL_CONVERSION = YES;
				CLANG_WARN_COMMA = YES;
				CLANG_WARN_CONSTANT_CONVERSION = YES;
				CLANG_WARN_DEPRECATED_OBJC_IMPLEMENTATIONS = YES;
				CLANG_WARN_DIRECT_OBJC_ISA_USAGE = YES_ERROR;
				CLANG_WARN_DOCUMENTATION_COMMENTS = YES;
				CLANG_WARN_EMPTY_BODY = YES;
				CLANG_WARN_ENUM_CONVERSION = YES;
				CLANG_WARN_INFINITE_RECURSION = YES;
				CLANG_WARN_INT_CONVERSION = YES;
				CLANG_WARN_NON_LITERAL_NULL_CONVERSION = YES;
				CLANG_WARN_OBJC_IMPLICIT_RETAIN_SELF = YES;
				CLANG_WARN_OBJC_LITERAL_CONVERSION = YES;
				CLANG_WARN_OBJC_ROOT_CLASS = YES_ERROR;
				CLANG_WARN_RANGE_LOOP_ANALYSIS = YES;
				CLANG_WARN_STRICT_PROTOTYPES = YES;
				CLANG_WARN_SUSPICIOUS_MOVE = YES;
				CLANG_WARN_UNGUARDED_AVAILABILITY = YES_AGGRESSIVE;
				CLANG_WARN_UNREACHABLE_CODE = YES;
				CLANG_WARN__DUPLICATE_METHOD_MATCH = YES;
				COPY_PHASE_STRIP = NO;
				DEBUG_INFORMATION_FORMAT = dwarf;
				ENABLE_STRICT_OBJC_MSGSEND = YES;
				ENABLE_TESTABILITY = YES;
				GCC_C_LANGUAGE_STANDARD = gnu11;
				GCC_DYNAMIC_NO_PIC = NO;
				GCC_NO_COMMON_BLOCKS = YES;
				GCC_OPTIMIZATION_LEVEL = 0;
				GCC_PREPROCESSOR_DEFINITIONS = (
					"DEBUG=1",
					"$(inherited)",
				);
				GCC_WARN_64_TO_32_BIT_CONVERSION = YES;
				GCC_WARN_ABOUT_RETURN_TYPE = YES_ERROR;
				GCC_WARN_UNDECLARED_SELECTOR = YES;
				GCC_WARN_UNINITIALIZED_AUTOS = YES_AGGRESSIVE;
				GCC_WARN_UNUSED_FUNCTION = YES;
				GCC_WARN_UNUSED_VARIABLE = YES;
				IPHONEOS_DEPLOYMENT_TARGET = 13.6;
				MTL_ENABLE_DEBUG_INFO = INCLUDE_SOURCE;
				MTL_FAST_MATH = YES;
				ONLY_ACTIVE_ARCH = YES;
				SDKROOT = iphoneos;
				SWIFT_ACTIVE_COMPILATION_CONDITIONS = DEBUG;
				SWIFT_OPTIMIZATION_LEVEL = "-Onone";
			};
			name = Debug;
		};
		7DF24E6824D163E5004CD13F /* Release */ = {
			isa = XCBuildConfiguration;
			buildSettings = {
				ALWAYS_SEARCH_USER_PATHS = NO;
				CLANG_ANALYZER_NONNULL = YES;
				CLANG_ANALYZER_NUMBER_OBJECT_CONVERSION = YES_AGGRESSIVE;
				CLANG_CXX_LANGUAGE_STANDARD = "gnu++14";
				CLANG_CXX_LIBRARY = "libc++";
				CLANG_ENABLE_MODULES = YES;
				CLANG_ENABLE_OBJC_ARC = YES;
				CLANG_ENABLE_OBJC_WEAK = YES;
				CLANG_WARN_BLOCK_CAPTURE_AUTORELEASING = YES;
				CLANG_WARN_BOOL_CONVERSION = YES;
				CLANG_WARN_COMMA = YES;
				CLANG_WARN_CONSTANT_CONVERSION = YES;
				CLANG_WARN_DEPRECATED_OBJC_IMPLEMENTATIONS = YES;
				CLANG_WARN_DIRECT_OBJC_ISA_USAGE = YES_ERROR;
				CLANG_WARN_DOCUMENTATION_COMMENTS = YES;
				CLANG_WARN_EMPTY_BODY = YES;
				CLANG_WARN_ENUM_CONVERSION = YES;
				CLANG_WARN_INFINITE_RECURSION = YES;
				CLANG_WARN_INT_CONVERSION = YES;
				CLANG_WARN_NON_LITERAL_NULL_CONVERSION = YES;
				CLANG_WARN_OBJC_IMPLICIT_RETAIN_SELF = YES;
				CLANG_WARN_OBJC_LITERAL_CONVERSION = YES;
				CLANG_WARN_OBJC_ROOT_CLASS = YES_ERROR;
				CLANG_WARN_RANGE_LOOP_ANALYSIS = YES;
				CLANG_WARN_STRICT_PROTOTYPES = YES;
				CLANG_WARN_SUSPICIOUS_MOVE = YES;
				CLANG_WARN_UNGUARDED_AVAILABILITY = YES_AGGRESSIVE;
				CLANG_WARN_UNREACHABLE_CODE = YES;
				CLANG_WARN__DUPLICATE_METHOD_MATCH = YES;
				COPY_PHASE_STRIP = NO;
				DEBUG_INFORMATION_FORMAT = "dwarf-with-dsym";
				ENABLE_NS_ASSERTIONS = NO;
				ENABLE_STRICT_OBJC_MSGSEND = YES;
				GCC_C_LANGUAGE_STANDARD = gnu11;
				GCC_NO_COMMON_BLOCKS = YES;
				GCC_WARN_64_TO_32_BIT_CONVERSION = YES;
				GCC_WARN_ABOUT_RETURN_TYPE = YES_ERROR;
				GCC_WARN_UNDECLARED_SELECTOR = YES;
				GCC_WARN_UNINITIALIZED_AUTOS = YES_AGGRESSIVE;
				GCC_WARN_UNUSED_FUNCTION = YES;
				GCC_WARN_UNUSED_VARIABLE = YES;
				IPHONEOS_DEPLOYMENT_TARGET = 13.6;
				MTL_ENABLE_DEBUG_INFO = NO;
				MTL_FAST_MATH = YES;
				SDKROOT = iphoneos;
				SWIFT_COMPILATION_MODE = wholemodule;
				SWIFT_OPTIMIZATION_LEVEL = "-O";
				VALIDATE_PRODUCT = YES;
			};
			name = Release;
		};
		7DF24E6A24D163E5004CD13F /* Debug */ = {
			isa = XCBuildConfiguration;
			buildSettings = {
				ASSETCATALOG_COMPILER_APPICON_NAME = AppIcon;
				CODE_SIGN_STYLE = Automatic;
				DEVELOPMENT_TEAM = MC2673572B;
				INFOPLIST_FILE = SegmentAdjusting/Info.plist;
				LD_RUNPATH_SEARCH_PATHS = (
					"$(inherited)",
					"@executable_path/Frameworks",
				);
				PRODUCT_BUNDLE_IDENTIFIER = com.honcharov.SegmentAdjusting;
				PRODUCT_NAME = "$(TARGET_NAME)";
				SWIFT_VERSION = 5.0;
				TARGETED_DEVICE_FAMILY = "1,2";
			};
			name = Debug;
		};
		7DF24E6B24D163E5004CD13F /* Release */ = {
			isa = XCBuildConfiguration;
			buildSettings = {
				ASSETCATALOG_COMPILER_APPICON_NAME = AppIcon;
				CODE_SIGN_STYLE = Automatic;
				DEVELOPMENT_TEAM = MC2673572B;
				INFOPLIST_FILE = SegmentAdjusting/Info.plist;
				LD_RUNPATH_SEARCH_PATHS = (
					"$(inherited)",
					"@executable_path/Frameworks",
				);
				PRODUCT_BUNDLE_IDENTIFIER = com.honcharov.SegmentAdjusting;
				PRODUCT_NAME = "$(TARGET_NAME)";
				SWIFT_VERSION = 5.0;
				TARGETED_DEVICE_FAMILY = "1,2";
			};
			name = Release;
		};
/* End XCBuildConfiguration section */

/* Begin XCConfigurationList section */
		7DF24E5024D163E1004CD13F /* Build configuration list for PBXProject "SegmentAdjusting" */ = {
			isa = XCConfigurationList;
			buildConfigurations = (
				7DF24E6724D163E5004CD13F /* Debug */,
				7DF24E6824D163E5004CD13F /* Release */,
			);
			defaultConfigurationIsVisible = 0;
			defaultConfigurationName = Release;
		};
		7DF24E6924D163E5004CD13F /* Build configuration list for PBXNativeTarget "SegmentAdjusting" */ = {
			isa = XCConfigurationList;
			buildConfigurations = (
				7DF24E6A24D163E5004CD13F /* Debug */,
				7DF24E6B24D163E5004CD13F /* Release */,
			);
			defaultConfigurationIsVisible = 0;
			defaultConfigurationName = Release;
		};
/* End XCConfigurationList section */
	};
	rootObject = 7DF24E4D24D163E1004CD13F /* Project object */;
}
